
Microsoft Visual Studio Solution File, Format Version 12.00
# Visual Studio Version 17
VisualStudioVersion = 17.11.35303.130
MinimumVisualStudioVersion = 10.0.40219.1
Project("{FAE04EC0-301F-11D3-BF4B-00C04F79EFBC}") = "ConstrutoresMetodo", "ConstrutoresMetodo\ConstrutoresMetodo.csproj", "{81FD8156-EB53-488A-9323-FBEB66148201}"
EndProject
Global
	GlobalSection(SolutionConfigurationPlatforms) = preSolution
		Debug|Any CPU = Debug|Any CPU
		Release|Any CPU = Release|Any CPU
	EndGlobalSection
	GlobalSection(ProjectConfigurationPlatforms) = postSolution
		{81FD8156-EB53-488A-9323-FBEB66148201}.Debug|Any CPU.ActiveCfg = Debug|Any CPU
		{81FD8156-EB53-488A-9323-FBEB66148201}.Debug|Any CPU.Build.0 = Debug|Any CPU
		{81FD8156-EB53-488A-9323-FBEB66148201}.Release|Any CPU.ActiveCfg = Release|Any CPU
		{81FD8156-EB53-488A-9323-FBEB66148201}.Release|Any CPU.Build.0 = Release|Any CPU
	EndGlobalSection
	GlobalSection(SolutionProperties) = preSolution
		HideSolutionNode = FALSE
	EndGlobalSection
	GlobalSection(ExtensibilityGlobals) = postSolution
		SolutionGuid = {EDDFB9AC-C0B2-4B41-9CFC-38B82B70D987}
	EndGlobalSection
EndGlobal
